
Microsoft Visual Studio Solution File, Format Version 12.00
# Visual Studio Version 17
VisualStudioVersion = 17.4.33213.308
MinimumVisualStudioVersion = 10.0.40219.1
Project("{9A19103F-16F7-4668-BE54-9A1E7A4F7556}") = "pizzeriaserver", "pizzeriaserver\pizzeriaserver.csproj", "{CD85C2C2-300D-4189-BB40-9A73C4A50C90}"
EndProject
Project("{FAE04EC0-301F-11D3-BF4B-00C04F79EFBC}") = "pizzeriaserver.IntegrationTests", "pizzeriaserver.IntegrationTests\pizzeriaserver.IntegrationTests.csproj", "{F4BDA56F-25E1-4BD3-8E59-EAF60F233B0D}"
EndProject
Global
	GlobalSection(SolutionConfigurationPlatforms) = preSolution
		Debug|Any CPU = Debug|Any CPU
		Release|Any CPU = Release|Any CPU
	EndGlobalSection
	GlobalSection(ProjectConfigurationPlatforms) = postSolution
		{CD85C2C2-300D-4189-BB40-9A73C4A50C90}.Debug|Any CPU.ActiveCfg = Debug|Any CPU
		{CD85C2C2-300D-4189-BB40-9A73C4A50C90}.Debug|Any CPU.Build.0 = Debug|Any CPU
		{CD85C2C2-300D-4189-BB40-9A73C4A50C90}.Release|Any CPU.ActiveCfg = Release|Any CPU
		{CD85C2C2-300D-4189-BB40-9A73C4A50C90}.Release|Any CPU.Build.0 = Release|Any CPU
		{F4BDA56F-25E1-4BD3-8E59-EAF60F233B0D}.Debug|Any CPU.ActiveCfg = Debug|Any CPU
		{F4BDA56F-25E1-4BD3-8E59-EAF60F233B0D}.Debug|Any CPU.Build.0 = Debug|Any CPU
		{F4BDA56F-25E1-4BD3-8E59-EAF60F233B0D}.Release|Any CPU.ActiveCfg = Release|Any CPU
		{F4BDA56F-25E1-4BD3-8E59-EAF60F233B0D}.Release|Any CPU.Build.0 = Release|Any CPU
	EndGlobalSection
	GlobalSection(SolutionProperties) = preSolution
		HideSolutionNode = FALSE
	EndGlobalSection
	GlobalSection(ExtensibilityGlobals) = postSolution
		SolutionGuid = {0463582B-4549-4E0F-92EC-8E9E1953E372}
	EndGlobalSection
EndGlobal
